
Microsoft Visual Studio Solution File, Format Version 12.00
# Visual Studio Version 17
VisualStudioVersion = 17.12.35527.113 d17.12
MinimumVisualStudioVersion = 10.0.40219.1
Project("{FAE04EC0-301F-11D3-BF4B-00C04F79EFBC}") = "CapaPresentacion", "CapaPresentacion\CapaPresentacion.csproj", "{9FBB2A8E-178B-45B3-BE3C-3B0929F17AF3}"
EndProject
Project("{FAE04EC0-301F-11D3-BF4B-00C04F79EFBC}") = "CapaEntidades", "CapaEntidades\CapaEntidades.csproj", "{985D533A-48F6-43EA-9485-19FDC9315E36}"
EndProject
Project("{FAE04EC0-301F-11D3-BF4B-00C04F79EFBC}") = "CapaAplicacion", "..\CapaAplicacion\CapaAplicacion.csproj", "{C5BA4F7A-09F6-4438-9A4E-63BAEE897BE0}"
EndProject
Project("{FAE04EC0-301F-11D3-BF4B-00C04F79EFBC}") = "CapaDatos", "CapaClase\CapaDatos.csproj", "{1EA8D98F-6E86-460C-9F2F-B37EE5E6F967}"
EndProject
Global
	GlobalSection(SolutionConfigurationPlatforms) = preSolution
		Debug|Any CPU = Debug|Any CPU
		Release|Any CPU = Release|Any CPU
	EndGlobalSection
	GlobalSection(ProjectConfigurationPlatforms) = postSolution
		{9FBB2A8E-178B-45B3-BE3C-3B0929F17AF3}.Debug|Any CPU.ActiveCfg = Debug|Any CPU
		{9FBB2A8E-178B-45B3-BE3C-3B0929F17AF3}.Debug|Any CPU.Build.0 = Debug|Any CPU
		{9FBB2A8E-178B-45B3-BE3C-3B0929F17AF3}.Release|Any CPU.ActiveCfg = Release|Any CPU
		{9FBB2A8E-178B-45B3-BE3C-3B0929F17AF3}.Release|Any CPU.Build.0 = Release|Any CPU
		{985D533A-48F6-43EA-9485-19FDC9315E36}.Debug|Any CPU.ActiveCfg = Debug|Any CPU
		{985D533A-48F6-43EA-9485-19FDC9315E36}.Debug|Any CPU.Build.0 = Debug|Any CPU
		{985D533A-48F6-43EA-9485-19FDC9315E36}.Release|Any CPU.ActiveCfg = Release|Any CPU
		{985D533A-48F6-43EA-9485-19FDC9315E36}.Release|Any CPU.Build.0 = Release|Any CPU
		{C5BA4F7A-09F6-4438-9A4E-63BAEE897BE0}.Debug|Any CPU.ActiveCfg = Debug|Any CPU
		{C5BA4F7A-09F6-4438-9A4E-63BAEE897BE0}.Debug|Any CPU.Build.0 = Debug|Any CPU
		{C5BA4F7A-09F6-4438-9A4E-63BAEE897BE0}.Release|Any CPU.ActiveCfg = Release|Any CPU
		{C5BA4F7A-09F6-4438-9A4E-63BAEE897BE0}.Release|Any CPU.Build.0 = Release|Any CPU
		{1EA8D98F-6E86-460C-9F2F-B37EE5E6F967}.Debug|Any CPU.ActiveCfg = Debug|Any CPU
		{1EA8D98F-6E86-460C-9F2F-B37EE5E6F967}.Debug|Any CPU.Build.0 = Debug|Any CPU
		{1EA8D98F-6E86-460C-9F2F-B37EE5E6F967}.Release|Any CPU.ActiveCfg = Release|Any CPU
		{1EA8D98F-6E86-460C-9F2F-B37EE5E6F967}.Release|Any CPU.Build.0 = Release|Any CPU
	EndGlobalSection
	GlobalSection(SolutionProperties) = preSolution
		HideSolutionNode = FALSE
	EndGlobalSection
EndGlobal
